// !$*UTF8*$!
{
	archiveVersion = 1;
	classes = {
	};
	objectVersion = 50;
	objects = {

/* Begin PBXBuildFile section */
		34226D282651B567003709D1 /* PlayerSymbols.swift in Sources */ = {isa = PBXBuildFile; fileRef = 34226D272651B567003709D1 /* PlayerSymbols.swift */; };
		34226D2C2651BDEC003709D1 /* Alerts.swift in Sources */ = {isa = PBXBuildFile; fileRef = 34226D2B2651BDEC003709D1 /* Alerts.swift */; };
		3436C7EC26528B8300703B28 /* GameViewModel.swift in Sources */ = {isa = PBXBuildFile; fileRef = 3436C7EB26528B8300703B28 /* GameViewModel.swift */; };
		34409322265070BF004C1E40 /* Moves.swift in Sources */ = {isa = PBXBuildFile; fileRef = 34409321265070BF004C1E40 /* Moves.swift */; };
		344EB38E267D762D00A2573A /* GameTypeView.swift in Sources */ = {isa = PBXBuildFile; fileRef = 344EB38D267D762D00A2573A /* GameTypeView.swift */; };
		345173F6264C8B40004CCF33 /* TicTacToeApp.swift in Sources */ = {isa = PBXBuildFile; fileRef = 345173F5264C8B40004CCF33 /* TicTacToeApp.swift */; };
		345173F8264C8B40004CCF33 /* HvCGameView.swift in Sources */ = {isa = PBXBuildFile; fileRef = 345173F7264C8B40004CCF33 /* HvCGameView.swift */; };
		345173FA264C8B42004CCF33 /* Assets.xcassets in Resources */ = {isa = PBXBuildFile; fileRef = 345173F9264C8B42004CCF33 /* Assets.xcassets */; };
		345173FD264C8B42004CCF33 /* Preview Assets.xcassets in Resources */ = {isa = PBXBuildFile; fileRef = 345173FC264C8B42004CCF33 /* Preview Assets.xcassets */; };
		3451740D264C907B004CCF33 /* Player.swift in Sources */ = {isa = PBXBuildFile; fileRef = 3451740C264C907B004CCF33 /* Player.swift */; };
/* End PBXBuildFile section */

/* Begin PBXFileReference section */
		34226D272651B567003709D1 /* PlayerSymbols.swift */ = {isa = PBXFileReference; lastKnownFileType = sourcecode.swift; path = PlayerSymbols.swift; sourceTree = "<group>"; };
		34226D2B2651BDEC003709D1 /* Alerts.swift */ = {isa = PBXFileReference; lastKnownFileType = sourcecode.swift; path = Alerts.swift; sourceTree = "<group>"; };
		3436C7EB26528B8300703B28 /* GameViewModel.swift */ = {isa = PBXFileReference; lastKnownFileType = sourcecode.swift; path = GameViewModel.swift; sourceTree = "<group>"; };
		34409321265070BF004C1E40 /* Moves.swift */ = {isa = PBXFileReference; lastKnownFileType = sourcecode.swift; path = Moves.swift; sourceTree = "<group>"; };
		344EB38D267D762D00A2573A /* GameTypeView.swift */ = {isa = PBXFileReference; lastKnownFileType = sourcecode.swift; path = GameTypeView.swift; sourceTree = "<group>"; };
		345173F2264C8B40004CCF33 /* TicTacToe.app */ = {isa = PBXFileReference; explicitFileType = wrapper.application; includeInIndex = 0; path = TicTacToe.app; sourceTree = BUILT_PRODUCTS_DIR; };
		345173F5264C8B40004CCF33 /* TicTacToeApp.swift */ = {isa = PBXFileReference; lastKnownFileType = sourcecode.swift; path = TicTacToeApp.swift; sourceTree = "<group>"; };
		345173F7264C8B40004CCF33 /* HvCGameView.swift */ = {isa = PBXFileReference; lastKnownFileType = sourcecode.swift; path = HvCGameView.swift; sourceTree = "<group>"; };
		345173F9264C8B42004CCF33 /* Assets.xcassets */ = {isa = PBXFileReference; lastKnownFileType = folder.assetcatalog; path = Assets.xcassets; sourceTree = "<group>"; };
		345173FC264C8B42004CCF33 /* Preview Assets.xcassets */ = {isa = PBXFileReference; lastKnownFileType = folder.assetcatalog; path = "Preview Assets.xcassets"; sourceTree = "<group>"; };
		345173FE264C8B42004CCF33 /* Info.plist */ = {isa = PBXFileReference; lastKnownFileType = text.plist.xml; path = Info.plist; sourceTree = "<group>"; };
		3451740C264C907B004CCF33 /* Player.swift */ = {isa = PBXFileReference; lastKnownFileType = sourcecode.swift; path = Player.swift; sourceTree = "<group>"; };
/* End PBXFileReference section */

/* Begin PBXFrameworksBuildPhase section */
		345173EF264C8B40004CCF33 /* Frameworks */ = {
			isa = PBXFrameworksBuildPhase;
			buildActionMask = 2147483647;
			files = (
			);
			runOnlyForDeploymentPostprocessing = 0;
		};
/* End PBXFrameworksBuildPhase section */

/* Begin PBXGroup section */
		345173E9264C8B40004CCF33 = {
			isa = PBXGroup;
			children = (
				345173F4264C8B40004CCF33 /* TicTacToe */,
				345173F3264C8B40004CCF33 /* Products */,
			);
			sourceTree = "<group>";
		};
		345173F3264C8B40004CCF33 /* Products */ = {
			isa = PBXGroup;
			children = (
				345173F2264C8B40004CCF33 /* TicTacToe.app */,
			);
			name = Products;
			sourceTree = "<group>";
		};
		345173F4264C8B40004CCF33 /* TicTacToe */ = {
			isa = PBXGroup;
			children = (
				34517409264C8E28004CCF33 /* App */,
				345173F9264C8B42004CCF33 /* Assets.xcassets */,
				345173F7264C8B40004CCF33 /* HvCGameView.swift */,
				3451740B264C906E004CCF33 /* Data */,
				345173FE264C8B42004CCF33 /* Info.plist */,
				347317BE2657114F008C6B79 /* Model */,
				345173FB264C8B42004CCF33 /* Preview Content */,
				34517408264C8E1E004CCF33 /* View */,
			);
			path = TicTacToe;
			sourceTree = "<group>";
		};
		345173FB264C8B42004CCF33 /* Preview Content */ = {
			isa = PBXGroup;
			children = (
				345173FC264C8B42004CCF33 /* Preview Assets.xcassets */,
			);
			path = "Preview Content";
			sourceTree = "<group>";
		};
		34517408264C8E1E004CCF33 /* View */ = {
			isa = PBXGroup;
			children = (
			);
			path = View;
			sourceTree = "<group>";
		};
		34517409264C8E28004CCF33 /* App */ = {
			isa = PBXGroup;
			children = (
				345173F5264C8B40004CCF33 /* TicTacToeApp.swift */,
				344EB38D267D762D00A2573A /* GameTypeView.swift */,
			);
			path = App;
			sourceTree = "<group>";
		};
		3451740B264C906E004CCF33 /* Data */ = {
			isa = PBXGroup;
			children = (
				3451740C264C907B004CCF33 /* Player.swift */,
				34409321265070BF004C1E40 /* Moves.swift */,
				34226D272651B567003709D1 /* PlayerSymbols.swift */,
				34226D2B2651BDEC003709D1 /* Alerts.swift */,
			);
			path = Data;
			sourceTree = "<group>";
		};
		347317BE2657114F008C6B79 /* Model */ = {
			isa = PBXGroup;
			children = (
				3436C7EB26528B8300703B28 /* GameViewModel.swift */,
			);
			path = Model;
			sourceTree = "<group>";
		};
/* End PBXGroup section */

/* Begin PBXNativeTarget section */
		345173F1264C8B40004CCF33 /* TicTacToe */ = {
			isa = PBXNativeTarget;
			buildConfigurationList = 34517401264C8B42004CCF33 /* Build configuration list for PBXNativeTarget "TicTacToe" */;
			buildPhases = (
				345173EE264C8B40004CCF33 /* Sources */,
				345173EF264C8B40004CCF33 /* Frameworks */,
				345173F0264C8B40004CCF33 /* Resources */,
			);
			buildRules = (
			);
			dependencies = (
			);
			name = TicTacToe;
			productName = TicTacToe;
			productReference = 345173F2264C8B40004CCF33 /* TicTacToe.app */;
			productType = "com.apple.product-type.application";
		};
/* End PBXNativeTarget section */

/* Begin PBXProject section */
		345173EA264C8B40004CCF33 /* Project object */ = {
			isa = PBXProject;
			attributes = {
				LastSwiftUpdateCheck = 1220;
				LastUpgradeCheck = 1220;
				TargetAttributes = {
					345173F1264C8B40004CCF33 = {
						CreatedOnToolsVersion = 12.2;
					};
				};
			};
			buildConfigurationList = 345173ED264C8B40004CCF33 /* Build configuration list for PBXProject "TicTacToe" */;
			compatibilityVersion = "Xcode 9.3";
			developmentRegion = en;
			hasScannedForEncodings = 0;
			knownRegions = (
				en,
				Base,
			);
			mainGroup = 345173E9264C8B40004CCF33;
			productRefGroup = 345173F3264C8B40004CCF33 /* Products */;
			projectDirPath = "";
			projectRoot = "";
			targets = (
				345173F1264C8B40004CCF33 /* TicTacToe */,
			);
		};
/* End PBXProject section */

/* Begin PBXResourcesBuildPhase section */
		345173F0264C8B40004CCF33 /* Resources */ = {
			isa = PBXResourcesBuildPhase;
			buildActionMask = 2147483647;
			files = (
				345173FD264C8B42004CCF33 /* Preview Assets.xcassets in Resources */,
				345173FA264C8B42004CCF33 /* Assets.xcassets in Resources */,
			);
			runOnlyForDeploymentPostprocessing = 0;
		};
/* End PBXResourcesBuildPhase section */

/* Begin PBXSourcesBuildPhase section */
		345173EE264C8B40004CCF33 /* Sources */ = {
			isa = PBXSourcesBuildPhase;
			buildActionMask = 2147483647;
			files = (
				34226D282651B567003709D1 /* PlayerSymbols.swift in Sources */,
				3451740D264C907B004CCF33 /* Player.swift in Sources */,
				345173F8264C8B40004CCF33 /* HvCGameView.swift in Sources */,
				34409322265070BF004C1E40 /* Moves.swift in Sources */,
				344EB38E267D762D00A2573A /* GameTypeView.swift in Sources */,
				34226D2C2651BDEC003709D1 /* Alerts.swift in Sources */,
				345173F6264C8B40004CCF33 /* TicTacToeApp.swift in Sources */,
				3436C7EC26528B8300703B28 /* GameViewModel.swift in Sources */,
			);
			runOnlyForDeploymentPostprocessing = 0;
		};
/* End PBXSourcesBuildPhase section */

/* Begin XCBuildConfiguration section */
		345173FF264C8B42004CCF33 /* Debug */ = {
			isa = XCBuildConfiguration;
			buildSettings = {
				ALWAYS_SEARCH_USER_PATHS = NO;
				CLANG_ANALYZER_NONNULL = YES;
				CLANG_ANALYZER_NUMBER_OBJECT_CONVERSION = YES_AGGRESSIVE;
				CLANG_CXX_LANGUAGE_STANDARD = "gnu++14";
				CLANG_CXX_LIBRARY = "libc++";
				CLANG_ENABLE_MODULES = YES;
				CLANG_ENABLE_OBJC_ARC = YES;
				CLANG_ENABLE_OBJC_WEAK = YES;
				CLANG_WARN_BLOCK_CAPTURE_AUTORELEASING = YES;
				CLANG_WARN_BOOL_CONVERSION = YES;
				CLANG_WARN_COMMA = YES;
				CLANG_WARN_CONSTANT_CONVERSION = YES;
				CLANG_WARN_DEPRECATED_OBJC_IMPLEMENTATIONS = YES;
				CLANG_WARN_DIRECT_OBJC_ISA_USAGE = YES_ERROR;
				CLANG_WARN_DOCUMENTATION_COMMENTS = YES;
				CLANG_WARN_EMPTY_BODY = YES;
				CLANG_WARN_ENUM_CONVERSION = YES;
				CLANG_WARN_INFINITE_RECURSION = YES;
				CLANG_WARN_INT_CONVERSION = YES;
				CLANG_WARN_NON_LITERAL_NULL_CONVERSION = YES;
				CLANG_WARN_OBJC_IMPLICIT_RETAIN_SELF = YES;
				CLANG_WARN_OBJC_LITERAL_CONVERSION = YES;
				CLANG_WARN_OBJC_ROOT_CLASS = YES_ERROR;
				CLANG_WARN_QUOTED_INCLUDE_IN_FRAMEWORK_HEADER = YES;
				CLANG_WARN_RANGE_LOOP_ANALYSIS = YES;
				CLANG_WARN_STRICT_PROTOTYPES = YES;
				CLANG_WARN_SUSPICIOUS_MOVE = YES;
				CLANG_WARN_UNGUARDED_AVAILABILITY = YES_AGGRESSIVE;
				CLANG_WARN_UNREACHABLE_CODE = YES;
				CLANG_WARN__DUPLICATE_METHOD_MATCH = YES;
				COPY_PHASE_STRIP = NO;
				DEBUG_INFORMATION_FORMAT = dwarf;
				ENABLE_STRICT_OBJC_MSGSEND = YES;
				ENABLE_TESTABILITY = YES;
				GCC_C_LANGUAGE_STANDARD = gnu11;
				GCC_DYNAMIC_NO_PIC = NO;
				GCC_NO_COMMON_BLOCKS = YES;
				GCC_OPTIMIZATION_LEVEL = 0;
				GCC_PREPROCESSOR_DEFINITIONS = (
					"DEBUG=1",
					"$(inherited)",
				);
				GCC_WARN_64_TO_32_BIT_CONVERSION = YES;
				GCC_WARN_ABOUT_RETURN_TYPE = YES_ERROR;
				GCC_WARN_UNDECLARED_SELECTOR = YES;
				GCC_WARN_UNINITIALIZED_AUTOS = YES_AGGRESSIVE;
				GCC_WARN_UNUSED_FUNCTION = YES;
				GCC_WARN_UNUSED_VARIABLE = YES;
				IPHONEOS_DEPLOYMENT_TARGET = 14.2;
				MTL_ENABLE_DEBUG_INFO = INCLUDE_SOURCE;
				MTL_FAST_MATH = YES;
				ONLY_ACTIVE_ARCH = YES;
				SDKROOT = iphoneos;
				SWIFT_ACTIVE_COMPILATION_CONDITIONS = DEBUG;
				SWIFT_OPTIMIZATION_LEVEL = "-Onone";
			};
			name = Debug;
		};
		34517400264C8B42004CCF33 /* Release */ = {
			isa = XCBuildConfiguration;
			buildSettings = {
				ALWAYS_SEARCH_USER_PATHS = NO;
				CLANG_ANALYZER_NONNULL = YES;
				CLANG_ANALYZER_NUMBER_OBJECT_CONVERSION = YES_AGGRESSIVE;
				CLANG_CXX_LANGUAGE_STANDARD = "gnu++14";
				CLANG_CXX_LIBRARY = "libc++";
				CLANG_ENABLE_MODULES = YES;
				CLANG_ENABLE_OBJC_ARC = YES;
				CLANG_ENABLE_OBJC_WEAK = YES;
				CLANG_WARN_BLOCK_CAPTURE_AUTORELEASING = YES;
				CLANG_WARN_BOOL_CONVERSION = YES;
				CLANG_WARN_COMMA = YES;
				CLANG_WARN_CONSTANT_CONVERSION = YES;
				CLANG_WARN_DEPRECATED_OBJC_IMPLEMENTATIONS = YES;
				CLANG_WARN_DIRECT_OBJC_ISA_USAGE = YES_ERROR;
				CLANG_WARN_DOCUMENTATION_COMMENTS = YES;
				CLANG_WARN_EMPTY_BODY = YES;
				CLANG_WARN_ENUM_CONVERSION = YES;
				CLANG_WARN_INFINITE_RECURSION = YES;
				CLANG_WARN_INT_CONVERSION = YES;
				CLANG_WARN_NON_LITERAL_NULL_CONVERSION = YES;
				CLANG_WARN_OBJC_IMPLICIT_RETAIN_SELF = YES;
				CLANG_WARN_OBJC_LITERAL_CONVERSION = YES;
				CLANG_WARN_OBJC_ROOT_CLASS = YES_ERROR;
				CLANG_WARN_QUOTED_INCLUDE_IN_FRAMEWORK_HEADER = YES;
				CLANG_WARN_RANGE_LOOP_ANALYSIS = YES;
				CLANG_WARN_STRICT_PROTOTYPES = YES;
				CLANG_WARN_SUSPICIOUS_MOVE = YES;
				CLANG_WARN_UNGUARDED_AVAILABILITY = YES_AGGRESSIVE;
				CLANG_WARN_UNREACHABLE_CODE = YES;
				CLANG_WARN__DUPLICATE_METHOD_MATCH = YES;
				COPY_PHASE_STRIP = NO;
				DEBUG_INFORMATION_FORMAT = "dwarf-with-dsym";
				ENABLE_NS_ASSERTIONS = NO;
				ENABLE_STRICT_OBJC_MSGSEND = YES;
				GCC_C_LANGUAGE_STANDARD = gnu11;
				GCC_NO_COMMON_BLOCKS = YES;
				GCC_WARN_64_TO_32_BIT_CONVERSION = YES;
				GCC_WARN_ABOUT_RETURN_TYPE = YES_ERROR;
				GCC_WARN_UNDECLARED_SELECTOR = YES;
				GCC_WARN_UNINITIALIZED_AUTOS = YES_AGGRESSIVE;
				GCC_WARN_UNUSED_FUNCTION = YES;
				GCC_WARN_UNUSED_VARIABLE = YES;
				IPHONEOS_DEPLOYMENT_TARGET = 14.2;
				MTL_ENABLE_DEBUG_INFO = NO;
				MTL_FAST_MATH = YES;
				SDKROOT = iphoneos;
				SWIFT_COMPILATION_MODE = wholemodule;
				SWIFT_OPTIMIZATION_LEVEL = "-O";
				VALIDATE_PRODUCT = YES;
			};
			name = Release;
		};
		34517402264C8B42004CCF33 /* Debug */ = {
			isa = XCBuildConfiguration;
			buildSettings = {
				ASSETCATALOG_COMPILER_APPICON_NAME = AppIcon;
				ASSETCATALOG_COMPILER_GLOBAL_ACCENT_COLOR_NAME = AccentColor;
				CODE_SIGN_STYLE = Automatic;
				DEVELOPMENT_ASSET_PATHS = "\"TicTacToe/Preview Content\"";
				DEVELOPMENT_TEAM = JE6J8W7UM9;
				ENABLE_PREVIEWS = YES;
				INFOPLIST_FILE = TicTacToe/Info.plist;
				IPHONEOS_DEPLOYMENT_TARGET = 14.0;
				LD_RUNPATH_SEARCH_PATHS = (
					"$(inherited)",
					"@executable_path/Frameworks",
				);
				PRODUCT_BUNDLE_IDENTIFIER = com.codingwithjay.TicTacToe;
				PRODUCT_NAME = "$(TARGET_NAME)";
				SWIFT_VERSION = 5.0;
				TARGETED_DEVICE_FAMILY = "1,2";
			};
			name = Debug;
		};
		34517403264C8B42004CCF33 /* Release */ = {
			isa = XCBuildConfiguration;
			buildSettings = {
				ASSETCATALOG_COMPILER_APPICON_NAME = AppIcon;
				ASSETCATALOG_COMPILER_GLOBAL_ACCENT_COLOR_NAME = AccentColor;
				CODE_SIGN_STYLE = Automatic;
				DEVELOPMENT_ASSET_PATHS = "\"TicTacToe/Preview Content\"";
				DEVELOPMENT_TEAM = JE6J8W7UM9;
				ENABLE_PREVIEWS = YES;
				INFOPLIST_FILE = TicTacToe/Info.plist;
				IPHONEOS_DEPLOYMENT_TARGET = 14.0;
				LD_RUNPATH_SEARCH_PATHS = (
					"$(inherited)",
					"@executable_path/Frameworks",
				);
				PRODUCT_BUNDLE_IDENTIFIER = com.codingwithjay.TicTacToe;
				PRODUCT_NAME = "$(TARGET_NAME)";
				SWIFT_VERSION = 5.0;
				TARGETED_DEVICE_FAMILY = "1,2";
			};
			name = Release;
		};
/* End XCBuildConfiguration section */

/* Begin XCConfigurationList section */
		345173ED264C8B40004CCF33 /* Build configuration list for PBXProject "TicTacToe" */ = {
			isa = XCConfigurationList;
			buildConfigurations = (
				345173FF264C8B42004CCF33 /* Debug */,
				34517400264C8B42004CCF33 /* Release */,
			);
			defaultConfigurationIsVisible = 0;
			defaultConfigurationName = Release;
		};
		34517401264C8B42004CCF33 /* Build configuration list for PBXNativeTarget "TicTacToe" */ = {
			isa = XCConfigurationList;
			buildConfigurations = (
				34517402264C8B42004CCF33 /* Debug */,
				34517403264C8B42004CCF33 /* Release */,
			);
			defaultConfigurationIsVisible = 0;
			defaultConfigurationName = Release;
		};
/* End XCConfigurationList section */
	};
	rootObject = 345173EA264C8B40004CCF33 /* Project object */;
}
